
Microsoft Visual Studio Solution File, Format Version 12.00
# Visual Studio Version 16
VisualStudioVersion = 16.0.29123.88
MinimumVisualStudioVersion = 10.0.40219.1
Project("{FAE04EC0-301F-11D3-BF4B-00C04F79EFBC}") = "Finance.net", "Finance.net.csproj", "{B8AEE451-744A-4E92-843F-AFE6336E8898}"
EndProject
Global
	GlobalSection(SolutionConfigurationPlatforms) = preSolution
		Debug|Any CPU = Debug|Any CPU
		Release|Any CPU = Release|Any CPU
	EndGlobalSection
	GlobalSection(ProjectConfigurationPlatforms) = postSolution
		{B8AEE451-744A-4E92-843F-AFE6336E8898}.Debug|Any CPU.ActiveCfg = Debug|Any CPU
		{B8AEE451-744A-4E92-843F-AFE6336E8898}.Debug|Any CPU.Build.0 = Debug|Any CPU
		{B8AEE451-744A-4E92-843F-AFE6336E8898}.Release|Any CPU.ActiveCfg = Release|Any CPU
		{B8AEE451-744A-4E92-843F-AFE6336E8898}.Release|Any CPU.Build.0 = Release|Any CPU
	EndGlobalSection
	GlobalSection(SolutionProperties) = preSolution
		HideSolutionNode = FALSE
	EndGlobalSection
	GlobalSection(ExtensibilityGlobals) = postSolution
		SolutionGuid = {766E152F-986E-4642-B1A3-A974AF1F59B0}
	EndGlobalSection
EndGlobal
